# THIS IS AN AUTOGENERATED FILE. DO NOT EDIT THIS FILE DIRECTLY.
# yarn lockfile v1


"@babel/runtime@^7.12.13", "@babel/runtime@^7.20.13", "@babel/runtime@^7.9.2":
  version "7.26.0"
  resolved "https://registry.yarnpkg.com/@babel/runtime/-/runtime-7.26.0.tgz#8600c2f595f277c60815256418b85356a65173c1"
  integrity sha512-FDSOghenHTiToteC/QRlv2q3DhPZ/oOXTBoirfWNx1Cx3TMVcGWQtMMmQcSvb/JjpNeGzx8Pq/b4fKEJuWm1sw==
  dependencies:
    regenerator-runtime "^0.14.0"

"@esbuild/android-arm64@0.17.19":
  version "0.17.19"
  resolved "https://registry.yarnpkg.com/@esbuild/android-arm64/-/android-arm64-0.17.19.tgz#bafb75234a5d3d1b690e7c2956a599345e84a2fd"
  integrity sha512-KBMWvEZooR7+kzY0BtbTQn0OAYY7CsiydT63pVEaPtVYF0hXbUaOyZog37DKxK7NF3XacBJOpYT4adIJh+avxA==

"@esbuild/android-arm@0.17.19":
  version "0.17.19"
  resolved "https://registry.yarnpkg.com/@esbuild/android-arm/-/android-arm-0.17.19.tgz#5898f7832c2298bc7d0ab53701c57beb74d78b4d"
  integrity sha512-rIKddzqhmav7MSmoFCmDIb6e2W57geRsM94gV2l38fzhXMwq7hZoClug9USI2pFRGL06f4IOPHHpFNOkWieR8A==

"@esbuild/android-x64@0.17.19":
  version "0.17.19"
  resolved "https://registry.yarnpkg.com/@esbuild/android-x64/-/android-x64-0.17.19.tgz#658368ef92067866d95fb268719f98f363d13ae1"
  integrity sha512-uUTTc4xGNDT7YSArp/zbtmbhO0uEEK9/ETW29Wk1thYUJBz3IVnvgEiEwEa9IeLyvnpKrWK64Utw2bgUmDveww==

"@esbuild/darwin-arm64@0.17.19":
  version "0.17.19"
  resolved "https://registry.yarnpkg.com/@esbuild/darwin-arm64/-/darwin-arm64-0.17.19.tgz#584c34c5991b95d4d48d333300b1a4e2ff7be276"
  integrity sha512-80wEoCfF/hFKM6WE1FyBHc9SfUblloAWx6FJkFWTWiCoht9Mc0ARGEM47e67W9rI09YoUxJL68WHfDRYEAvOhg==

"@esbuild/darwin-x64@0.17.19":
  version "0.17.19"
  resolved "https://registry.yarnpkg.com/@esbuild/darwin-x64/-/darwin-x64-0.17.19.tgz#7751d236dfe6ce136cce343dce69f52d76b7f6cb"
  integrity sha512-IJM4JJsLhRYr9xdtLytPLSH9k/oxR3boaUIYiHkAawtwNOXKE8KoU8tMvryogdcT8AU+Bflmh81Xn6Q0vTZbQw==

"@esbuild/freebsd-arm64@0.17.19":
  version "0.17.19"
  resolved "https://registry.yarnpkg.com/@esbuild/freebsd-arm64/-/freebsd-arm64-0.17.19.tgz#cacd171665dd1d500f45c167d50c6b7e539d5fd2"
  integrity sha512-pBwbc7DufluUeGdjSU5Si+P3SoMF5DQ/F/UmTSb8HXO80ZEAJmrykPyzo1IfNbAoaqw48YRpv8shwd1NoI0jcQ==

"@esbuild/freebsd-x64@0.17.19":
  version "0.17.19"
  resolved "https://registry.yarnpkg.com/@esbuild/freebsd-x64/-/freebsd-x64-0.17.19.tgz#0769456eee2a08b8d925d7c00b79e861cb3162e4"
  integrity sha512-4lu+n8Wk0XlajEhbEffdy2xy53dpR06SlzvhGByyg36qJw6Kpfk7cp45DR/62aPH9mtJRmIyrXAS5UWBrJT6TQ==

"@esbuild/linux-arm64@0.17.19":
  version "0.17.19"
  resolved "https://registry.yarnpkg.com/@esbuild/linux-arm64/-/linux-arm64-0.17.19.tgz#38e162ecb723862c6be1c27d6389f48960b68edb"
  integrity sha512-ct1Tg3WGwd3P+oZYqic+YZF4snNl2bsnMKRkb3ozHmnM0dGWuxcPTTntAF6bOP0Sp4x0PjSF+4uHQ1xvxfRKqg==

"@esbuild/linux-arm@0.17.19":
  version "0.17.19"
  resolved "https://registry.yarnpkg.com/@esbuild/linux-arm/-/linux-arm-0.17.19.tgz#1a2cd399c50040184a805174a6d89097d9d1559a"
  integrity sha512-cdmT3KxjlOQ/gZ2cjfrQOtmhG4HJs6hhvm3mWSRDPtZ/lP5oe8FWceS10JaSJC13GBd4eH/haHnqf7hhGNLerA==

"@esbuild/linux-ia32@0.17.19":
  version "0.17.19"
  resolved "https://registry.yarnpkg.com/@esbuild/linux-ia32/-/linux-ia32-0.17.19.tgz#e28c25266b036ce1cabca3c30155222841dc035a"
  integrity sha512-w4IRhSy1VbsNxHRQpeGCHEmibqdTUx61Vc38APcsRbuVgK0OPEnQ0YD39Brymn96mOx48Y2laBQGqgZ0j9w6SQ==

"@esbuild/linux-loong64@0.17.19":
  version "0.17.19"
  resolved "https://registry.yarnpkg.com/@esbuild/linux-loong64/-/linux-loong64-0.17.19.tgz#0f887b8bb3f90658d1a0117283e55dbd4c9dcf72"
  integrity sha512-2iAngUbBPMq439a+z//gE+9WBldoMp1s5GWsUSgqHLzLJ9WoZLZhpwWuym0u0u/4XmZ3gpHmzV84PonE+9IIdQ==

"@esbuild/linux-mips64el@0.17.19":
  version "0.17.19"
  resolved "https://registry.yarnpkg.com/@esbuild/linux-mips64el/-/linux-mips64el-0.17.19.tgz#f5d2a0b8047ea9a5d9f592a178ea054053a70289"
  integrity sha512-LKJltc4LVdMKHsrFe4MGNPp0hqDFA1Wpt3jE1gEyM3nKUvOiO//9PheZZHfYRfYl6AwdTH4aTcXSqBerX0ml4A==

"@esbuild/linux-ppc64@0.17.19":
  version "0.17.19"
  resolved "https://registry.yarnpkg.com/@esbuild/linux-ppc64/-/linux-ppc64-0.17.19.tgz#876590e3acbd9fa7f57a2c7d86f83717dbbac8c7"
  integrity sha512-/c/DGybs95WXNS8y3Ti/ytqETiW7EU44MEKuCAcpPto3YjQbyK3IQVKfF6nbghD7EcLUGl0NbiL5Rt5DMhn5tg==

"@esbuild/linux-riscv64@0.17.19":
  version "0.17.19"
  resolved "https://registry.yarnpkg.com/@esbuild/linux-riscv64/-/linux-riscv64-0.17.19.tgz#7f49373df463cd9f41dc34f9b2262d771688bf09"
  integrity sha512-FC3nUAWhvFoutlhAkgHf8f5HwFWUL6bYdvLc/TTuxKlvLi3+pPzdZiFKSWz/PF30TB1K19SuCxDTI5KcqASJqA==

"@esbuild/linux-s390x@0.17.19":
  version "0.17.19"
  resolved "https://registry.yarnpkg.com/@esbuild/linux-s390x/-/linux-s390x-0.17.19.tgz#e2afd1afcaf63afe2c7d9ceacd28ec57c77f8829"
  integrity sha512-IbFsFbxMWLuKEbH+7sTkKzL6NJmG2vRyy6K7JJo55w+8xDk7RElYn6xvXtDW8HCfoKBFK69f3pgBJSUSQPr+4Q==

"@esbuild/linux-x64@0.17.19":
  version "0.17.19"
  resolved "https://registry.yarnpkg.com/@esbuild/linux-x64/-/linux-x64-0.17.19.tgz#8a0e9738b1635f0c53389e515ae83826dec22aa4"
  integrity sha512-68ngA9lg2H6zkZcyp22tsVt38mlhWde8l3eJLWkyLrp4HwMUr3c1s/M2t7+kHIhvMjglIBrFpncX1SzMckomGw==

"@esbuild/netbsd-x64@0.17.19":
  version "0.17.19"
  resolved "https://registry.yarnpkg.com/@esbuild/netbsd-x64/-/netbsd-x64-0.17.19.tgz#c29fb2453c6b7ddef9a35e2c18b37bda1ae5c462"
  integrity sha512-CwFq42rXCR8TYIjIfpXCbRX0rp1jo6cPIUPSaWwzbVI4aOfX96OXY8M6KNmtPcg7QjYeDmN+DD0Wp3LaBOLf4Q==

"@esbuild/openbsd-x64@0.17.19":
  version "0.17.19"
  resolved "https://registry.yarnpkg.com/@esbuild/openbsd-x64/-/openbsd-x64-0.17.19.tgz#95e75a391403cb10297280d524d66ce04c920691"
  integrity sha512-cnq5brJYrSZ2CF6c35eCmviIN3k3RczmHz8eYaVlNasVqsNY+JKohZU5MKmaOI+KkllCdzOKKdPs762VCPC20g==

"@esbuild/sunos-x64@0.17.19":
  version "0.17.19"
  resolved "https://registry.yarnpkg.com/@esbuild/sunos-x64/-/sunos-x64-0.17.19.tgz#722eaf057b83c2575937d3ffe5aeb16540da7273"
  integrity sha512-vCRT7yP3zX+bKWFeP/zdS6SqdWB8OIpaRq/mbXQxTGHnIxspRtigpkUcDMlSCOejlHowLqII7K2JKevwyRP2rg==

"@esbuild/win32-arm64@0.17.19":
  version "0.17.19"
  resolved "https://registry.yarnpkg.com/@esbuild/win32-arm64/-/win32-arm64-0.17.19.tgz#9aa9dc074399288bdcdd283443e9aeb6b9552b6f"
  integrity sha512-yYx+8jwowUstVdorcMdNlzklLYhPxjniHWFKgRqH7IFlUEa0Umu3KuYplf1HUZZ422e3NU9F4LGb+4O0Kdcaag==

"@esbuild/win32-ia32@0.17.19":
  version "0.17.19"
  resolved "https://registry.yarnpkg.com/@esbuild/win32-ia32/-/win32-ia32-0.17.19.tgz#95ad43c62ad62485e210f6299c7b2571e48d2b03"
  integrity sha512-eggDKanJszUtCdlVs0RB+h35wNlb5v4TWEkq4vZcmVt5u/HiDZrTXe2bWFQUez3RgNHwx/x4sk5++4NSSicKkw==

"@esbuild/win32-x64@0.17.19":
  version "0.17.19"
  resolved "https://registry.yarnpkg.com/@esbuild/win32-x64/-/win32-x64-0.17.19.tgz#8cfaf2ff603e9aabb910e9c0558c26cf32744061"
  integrity sha512-lAhycmKnVOuRYNtRtatQR1LPQf2oYCkRGkSFnseDAKPl8lu5SOsK/e1sXe5a0Pc5kHIHe6P2I/ilntNv2xf3cA==

"@fortawesome/fontawesome-common-types@^0.3.0":
  version "0.3.0"
  resolved "https://registry.yarnpkg.com/@fortawesome/fontawesome-common-types/-/fontawesome-common-types-0.3.0.tgz#949995a05c0d8801be7e0a594f775f1dbaa0d893"
  integrity sha512-CA3MAZBTxVsF6SkfkHXDerkhcQs0QPofy43eFdbWJJkZiq3SfiaH1msOkac59rQaqto5EqWnASboY1dBuKen5w==

"@fortawesome/fontawesome-svg-core@^1.2.35":
  version "1.3.0"
  resolved "https://registry.yarnpkg.com/@fortawesome/fontawesome-svg-core/-/fontawesome-svg-core-1.3.0.tgz#343fac91fa87daa630d26420bfedfba560f85885"
  integrity sha512-UIL6crBWhjTNQcONt96ExjUnKt1D68foe3xjEensLDclqQ6YagwCRYVQdrp/hW0ALRp/5Fv/VKw+MqTUWYYvPg==
  dependencies:
    "@fortawesome/fontawesome-common-types" "^0.3.0"

"@fortawesome/react-fontawesome@^0.1.14":
  version "0.1.19"
  resolved "https://registry.yarnpkg.com/@fortawesome/react-fontawesome/-/react-fontawesome-0.1.19.tgz#2b36917578596f31934e71f92b7cf9c425fd06e4"
  integrity sha512-Hyb+lB8T18cvLNX0S3llz7PcSOAJMLwiVKBuuzwM/nI5uoBw+gQjnf9il0fR1C3DKOI5Kc79pkJ4/xB0Uw9aFQ==
  dependencies:
    prop-types "^15.8.1"

"@neos-project/neos-ui-extensibility@~8.3.7":
  version "8.3.11"
  resolved "https://registry.yarnpkg.com/@neos-project/neos-ui-extensibility/-/neos-ui-extensibility-8.3.11.tgz#096dc20bc8ac0dd9e97c5a7ae5baa40a81426e05"
  integrity sha512-thhE0LBNTA/FclFcz42JWsYSIODtb3QUSl9+JZBk7npB6xxsuaxaU9SDqT9MwS72X//qKwqnU01fDW/w/yrlIg==
  dependencies:
    "@neos-project/positional-array-sorter" "8.3.11"

"@neos-project/positional-array-sorter@8.3.11":
  version "8.3.11"
  resolved "https://registry.yarnpkg.com/@neos-project/positional-array-sorter/-/positional-array-sorter-8.3.11.tgz#a8c221a6f29d703ebbf93ab582cafd8853fc0f10"
  integrity sha512-Bo1JjzidH3yUFeBcr0e0sv+K8VAdDmO1gqTMpRusfozV+kR0Rcmb2qJJ/dgNaHI6BcNpecLZF6EJDzrqwO1Ueg==

"@neos-project/react-ui-components@~8.3.7":
  version "8.3.11"
  resolved "https://registry.yarnpkg.com/@neos-project/react-ui-components/-/react-ui-components-8.3.11.tgz#48efaba60b1fb200e23a65dfe1d9e6eab4ea9575"
  integrity sha512-X8ncZieZDqnkqtiNqi/lwRRDwDFpMxbBR1XKc0HzASLmPXWOSJ1nqOU6PrDTIykUQO6qDuJ3YF3H5GQ7cxQxzQ==
  dependencies:
    "@fortawesome/fontawesome-svg-core" "^1.2.35"
    "@fortawesome/react-fontawesome" "^0.1.14"
    classnames "^2.2.3"
    hoist-non-react-statics "^3.3.1"
    lodash.assign "^4.2.0"
    lodash.debounce "^4.0.8"
    lodash.escaperegexp "^4.1.2"
    lodash.isequal "^4.5.0"
    lodash.isfunction "^3.0.8"
    lodash.omit "^4.5.0"
    lodash.throttle "^4.0.8"
    moment "^2.14.1"
    plow-js "3.0.0"
    raf "^3.4.1"
    react-collapse "^5.0.1"
    react-datetime "^2.8.10"
    react-dnd "^10.0.0"
    react-dnd-html5-backend "^10.0.0"
    react-height "^3.0.0"
    react-keydown "^1.9.4"
    react-motion "^0.5.0"
    react-svg "^11.1.2"
    react-textarea-autosize "^8.3.0"

"@react-dnd/asap@^4.0.0":
  version "4.0.1"
  resolved "https://registry.yarnpkg.com/@react-dnd/asap/-/asap-4.0.1.tgz#5291850a6b58ce6f2da25352a64f1b0674871aab"
  integrity sha512-kLy0PJDDwvwwTXxqTFNAAllPHD73AycE9ypWeln/IguoGBEbvFcPDbCV03G52bEcC5E+YgupBE0VzHGdC8SIXg==

"@react-dnd/invariant@^2.0.0":
  version "2.0.0"
  resolved "https://registry.yarnpkg.com/@react-dnd/invariant/-/invariant-2.0.0.tgz#09d2e81cd39e0e767d7da62df9325860f24e517e"
  integrity sha512-xL4RCQBCBDJ+GRwKTFhGUW8GXa4yoDfJrPbLblc3U09ciS+9ZJXJ3Qrcs/x2IODOdIE5kQxvMmE2UKyqUictUw==

"@react-dnd/shallowequal@^2.0.0":
  version "2.0.0"
  resolved "https://registry.yarnpkg.com/@react-dnd/shallowequal/-/shallowequal-2.0.0.tgz#a3031eb54129f2c66b2753f8404266ec7bf67f0a"
  integrity sha512-Pc/AFTdwZwEKJxFJvlxrSmGe/di+aAOBn60sremrpLo6VI/6cmiUYNNwlI5KNYttg7uypzA3ILPMPgxB2GYZEg==

"@tanem/svg-injector@^8.2.4":
  version "8.2.5"
  resolved "https://registry.yarnpkg.com/@tanem/svg-injector/-/svg-injector-8.2.5.tgz#49d957b6c51bdd5d505f82aaadb5cb72ff05f7ac"
  integrity sha512-jQ6UPPY2oSu2d0YLngtvnOIoKheYsB/s2bNP/QdsLrsvlz+PzUUO4RUWBN3+8clZPi2SI5OMF/YoTiTKt5v2xw==
  dependencies:
    "@babel/runtime" "^7.12.13"
    content-type "^1.0.4"
    tslib "^2.1.0"

"@types/hoist-non-react-statics@^3.3.1":
  version "3.3.6"
  resolved "https://registry.yarnpkg.com/@types/hoist-non-react-statics/-/hoist-non-react-statics-3.3.6.tgz#6bba74383cdab98e8db4e20ce5b4a6b98caed010"
  integrity sha512-lPByRJUer/iN/xa4qpyL0qmL11DqNW81iU/IG1S3uvRUq4oKagz8VCxZjiWkumgt66YT3vOdDgZ0o32sGKtCEw==
  dependencies:
    "@types/react" "*"
    hoist-non-react-statics "^3.3.0"

"@types/react@*":
  version "19.0.7"
  resolved "https://registry.yarnpkg.com/@types/react/-/react-19.0.7.tgz#c451968b999d1cb2d9207dc5ff56496164cf511d"
  integrity sha512-MoFsEJKkAtZCrC1r6CM8U22GzhG7u2Wir8ons/aCKH6MBdD1ibV24zOSSkdZVUKqN5i396zG5VKLYZ3yaUZdLA==
  dependencies:
    csstype "^3.0.2"

classnames@^2.2.3:
  version "2.5.1"
  resolved "https://registry.yarnpkg.com/classnames/-/classnames-2.5.1.tgz#ba774c614be0f016da105c858e7159eae8e7687b"
  integrity sha512-saHYOzhIQs6wy2sVxTM6bUDsQO4F50V9RQ22qBpEdCW+I+/Wmke2HOl6lS6dTpdxVhb88/I6+Hs+438c3lfUow==

content-type@^1.0.4:
  version "1.0.5"
  resolved "https://registry.yarnpkg.com/content-type/-/content-type-1.0.5.tgz#8b773162656d1d1086784c8f23a54ce6d73d7918"
  integrity sha512-nTjqfcBFEipKdXCv4YDQWCfmcLZKm81ldF0pAopTvyrFGVbcR6P/VAAd5G7N+0tTr8QqiU0tFadD6FK4NtJwOA==

core-js@^3.1.2:
  version "3.40.0"
  resolved "https://registry.yarnpkg.com/core-js/-/core-js-3.40.0.tgz#2773f6b06877d8eda102fc42f828176437062476"
  integrity sha512-7vsMc/Lty6AGnn7uFpYT56QesI5D2Y/UkgKounk87OP9Z2H9Z8kj6jzcSGAxFmUtDOS0ntK6lbQz+Nsa0Jj6mQ==

create-react-class@^15.5.2:
  version "15.7.0"
  resolved "https://registry.yarnpkg.com/create-react-class/-/create-react-class-15.7.0.tgz#7499d7ca2e69bb51d13faf59bd04f0c65a1d6c1e"
  integrity sha512-QZv4sFWG9S5RUvkTYWbflxeZX+JG7Cz0Tn33rQBJ+WFQTqTfUTjMjiv9tnfXazjsO5r0KhPs+AqCjyrQX6h2ng==
  dependencies:
    loose-envify "^1.3.1"
    object-assign "^4.1.1"

csstype@^3.0.2:
  version "3.1.3"
  resolved "https://registry.yarnpkg.com/csstype/-/csstype-3.1.3.tgz#d80ff294d114fb0e6ac500fbf85b60137d7eff81"
  integrity sha512-M1uQkMl8rQK/szD0LNhtqxIPLpimGm8sOBwU7lLnCpSbTyY3yeU1Vc7l4KT5zT4s/yOxHH5O7tIuuLOCnLADRw==

dnd-core@^10.0.2:
  version "10.0.2"
  resolved "https://registry.yarnpkg.com/dnd-core/-/dnd-core-10.0.2.tgz#051dc119682ea1185622f954667670d3d5f6a574"
  integrity sha512-PrxEjxF0+6Y1n1n1Z9hSWZ1tvnDXv9syL+BccV1r1RC08uWNsyetf8AnWmUF3NgYPwy0HKQJwTqGkZK+1NlaFA==
  dependencies:
    "@react-dnd/asap" "^4.0.0"
    "@react-dnd/invariant" "^2.0.0"
    redux "^4.0.4"

esbuild@~0.17.19:
  version "0.17.19"
  resolved "https://registry.yarnpkg.com/esbuild/-/esbuild-0.17.19.tgz#087a727e98299f0462a3d0bcdd9cd7ff100bd955"
  integrity sha512-XQ0jAPFkK/u3LcVRcvVHQcTIqD6E2H1fvZMA5dQPSOWb3suUbWbfbRf94pjc0bNzRYLfIrDRQXr7X+LHIm5oHw==
  optionalDependencies:
    "@esbuild/android-arm" "0.17.19"
    "@esbuild/android-arm64" "0.17.19"
    "@esbuild/android-x64" "0.17.19"
    "@esbuild/darwin-arm64" "0.17.19"
    "@esbuild/darwin-x64" "0.17.19"
    "@esbuild/freebsd-arm64" "0.17.19"
    "@esbuild/freebsd-x64" "0.17.19"
    "@esbuild/linux-arm" "0.17.19"
    "@esbuild/linux-arm64" "0.17.19"
    "@esbuild/linux-ia32" "0.17.19"
    "@esbuild/linux-loong64" "0.17.19"
    "@esbuild/linux-mips64el" "0.17.19"
    "@esbuild/linux-ppc64" "0.17.19"
    "@esbuild/linux-riscv64" "0.17.19"
    "@esbuild/linux-s390x" "0.17.19"
    "@esbuild/linux-x64" "0.17.19"
    "@esbuild/netbsd-x64" "0.17.19"
    "@esbuild/openbsd-x64" "0.17.19"
    "@esbuild/sunos-x64" "0.17.19"
    "@esbuild/win32-arm64" "0.17.19"
    "@esbuild/win32-ia32" "0.17.19"
    "@esbuild/win32-x64" "0.17.19"

hoist-non-react-statics@^3.3.0, hoist-non-react-statics@^3.3.1:
  version "3.3.2"
  resolved "https://registry.yarnpkg.com/hoist-non-react-statics/-/hoist-non-react-statics-3.3.2.tgz#ece0acaf71d62c2969c2ec59feff42a4b1a85b45"
  integrity sha512-/gGivxi8JPKWNm/W0jSmzcMPpfpPLc3dY/6GxhX2hQ9iGj3aDfklV4ET7NjKpSinLpJ5vafa9iiGIEZg10SfBw==
  dependencies:
    react-is "^16.7.0"

immutable@^3.7.6:
  version "3.8.2"
  resolved "https://registry.yarnpkg.com/immutable/-/immutable-3.8.2.tgz#c2439951455bb39913daf281376f1530e104adf3"
  integrity sha512-15gZoQ38eYjEjxkorfbcgBKBL6R7T459OuK+CpcWt7O3KF4uPCx2tD0uFETlUDIyo+1789crbMhTvQBSR5yBMg==

"js-tokens@^3.0.0 || ^4.0.0":
  version "4.0.0"
  resolved "https://registry.yarnpkg.com/js-tokens/-/js-tokens-4.0.0.tgz#19203fb59991df98e3a287050d4647cdeaf32499"
  integrity sha512-RdJUflcE3cUzKiMqQgsCu06FPu9UdIJO0beYbPhHN4k6apgJtifcoCtT9bcxOpYBtpD2kCM6Sbzg4CausW/PKQ==

lodash.assign@^4.2.0:
  version "4.2.0"
  resolved "https://registry.yarnpkg.com/lodash.assign/-/lodash.assign-4.2.0.tgz#0d99f3ccd7a6d261d19bdaeb9245005d285808e7"
  integrity sha512-hFuH8TY+Yji7Eja3mGiuAxBqLagejScbG8GbG0j6o9vzn0YL14My+ktnqtZgFTosKymC9/44wP6s7xyuLfnClw==

lodash.debounce@^4.0.8:
  version "4.0.8"
  resolved "https://registry.yarnpkg.com/lodash.debounce/-/lodash.debounce-4.0.8.tgz#82d79bff30a67c4005ffd5e2515300ad9ca4d7af"
  integrity sha512-FT1yDzDYEoYWhnSGnpE/4Kj1fLZkDFyqRb7fNt6FdYOSxlUWAtp42Eh6Wb0rGIv/m9Bgo7x4GhQbm5Ys4SG5ow==

lodash.escaperegexp@^4.1.2:
  version "4.1.2"
  resolved "https://registry.yarnpkg.com/lodash.escaperegexp/-/lodash.escaperegexp-4.1.2.tgz#64762c48618082518ac3df4ccf5d5886dae20347"
  integrity sha512-TM9YBvyC84ZxE3rgfefxUWiQKLilstD6k7PTGt6wfbtXF8ixIJLOL3VYyV/z+ZiPLsVxAsKAFVwWlWeb2Y8Yyw==

lodash.isequal@^4.5.0:
  version "4.5.0"
  resolved "https://registry.yarnpkg.com/lodash.isequal/-/lodash.isequal-4.5.0.tgz#415c4478f2bcc30120c22ce10ed3226f7d3e18e0"
  integrity sha512-pDo3lu8Jhfjqls6GkMgpahsF9kCyayhgykjyLMNFTKWrpVdAQtYyB4muAMWozBB4ig/dtWAmsMxLEI8wuz+DYQ==

lodash.isfunction@^3.0.8:
  version "3.0.9"
  resolved "https://registry.yarnpkg.com/lodash.isfunction/-/lodash.isfunction-3.0.9.tgz#06de25df4db327ac931981d1bdb067e5af68d051"
  integrity sha512-AirXNj15uRIMMPihnkInB4i3NHeb4iBtNg9WRWuK2o31S+ePwwNmDPaTL3o7dTJ+VXNZim7rFs4rxN4YU1oUJw==

lodash.omit@^4.5.0:
  version "4.5.0"
  resolved "https://registry.yarnpkg.com/lodash.omit/-/lodash.omit-4.5.0.tgz#6eb19ae5a1ee1dd9df0b969e66ce0b7fa30b5e60"
  integrity sha512-XeqSp49hNGmlkj2EJlfrQFIzQ6lXdNro9sddtQzcJY8QaoC2GO0DT7xaIokHeyM+mIT0mPMlPvkYzg2xCuHdZg==

lodash.throttle@^4.0.8:
  version "4.1.1"
  resolved "https://registry.yarnpkg.com/lodash.throttle/-/lodash.throttle-4.1.1.tgz#c23e91b710242ac70c37f1e1cda9274cc39bf2f4"
  integrity sha512-wIkUCfVKpVsWo3JSZlc+8MB5it+2AN5W8J7YVMST30UrvcQNZ1Okbj+rbVniijTWE6FGYy4XJq/rHkas8qJMLQ==

loose-envify@^1.3.1, loose-envify@^1.4.0:
  version "1.4.0"
  resolved "https://registry.yarnpkg.com/loose-envify/-/loose-envify-1.4.0.tgz#71ee51fa7be4caec1a63839f7e682d8132d30caf"
  integrity sha512-lyuxPGr/Wfhrlem2CL/UcnUc1zcqKAImBDzukY7Y5F/yQiNdko6+fRLevlw1HgMySw7f611UIY408EtxRSoK3Q==
  dependencies:
    js-tokens "^3.0.0 || ^4.0.0"

moment@^2.14.1:
  version "2.30.1"
  resolved "https://registry.yarnpkg.com/moment/-/moment-2.30.1.tgz#f8c91c07b7a786e30c59926df530b4eac96974ae"
  integrity sha512-uEmtNhbDOrWPFS+hdjFCBfy9f2YoyzRpwcl+DqpC6taX21FzsTLQVbMV/W7PzNSX6x/bhC1zA3c2UQ5NzH6how==

object-assign@^3.0.0:
  version "3.0.0"
  resolved "https://registry.yarnpkg.com/object-assign/-/object-assign-3.0.0.tgz#9bedd5ca0897949bca47e7ff408062d549f587f2"
  integrity sha512-jHP15vXVGeVh1HuaA2wY6lxk+whK/x4KBG88VXeRma7CCun7iGD5qPc4eYykQ9sdQvg8jkwFKsSxHln2ybW3xQ==

object-assign@^4.1.1:
  version "4.1.1"
  resolved "https://registry.yarnpkg.com/object-assign/-/object-assign-4.1.1.tgz#2109adc7965887cfc05cbbd442cac8bfbb360863"
  integrity sha512-rJgTQnkUnH1sFw8yT6VSU3zD3sWmu6sZhIseY8VX+GRu3P6F7Fu+JNDoXfklElbLJSnc3FUQHVe4cU5hj+BcUg==

performance-now@^0.2.0:
  version "0.2.0"
  resolved "https://registry.yarnpkg.com/performance-now/-/performance-now-0.2.0.tgz#33ef30c5c77d4ea21c5a53869d91b56d8f2555e5"
  integrity sha512-YHk5ez1hmMR5LOkb9iJkLKqoBlL7WD5M8ljC75ZfzXriuBIVNuecaXuU7e+hOwyqf24Wxhh7Vxgt7Hnw9288Tg==

performance-now@^2.1.0:
  version "2.1.0"
  resolved "https://registry.yarnpkg.com/performance-now/-/performance-now-2.1.0.tgz#6309f4e0e5fa913ec1c69307ae364b4b377c9e7b"
  integrity sha512-7EAHlyLHI56VEIdK57uwHdHKIaAGbnXPiw0yWbarQZOKaKpvUIgW0jWRVLiatnM+XXlSwsanIBH/hzGMJulMow==

plow-js@3.0.0:
  version "3.0.0"
  resolved "https://registry.yarnpkg.com/plow-js/-/plow-js-3.0.0.tgz#8068d21bb698150afc3428b5f7154105a2474d2f"
  integrity sha512-in222krkkAB6e3bYiRNj6Reh47UrGpjW+SJ1IamRkeFxsb6z2wGhDQ+SFiIhUMZWZ/LHRllz/lm1wUhwvM9Z/g==
  optionalDependencies:
    immutable "^3.7.6"

prop-types@^15.5.7, prop-types@^15.5.8, prop-types@^15.7.2, prop-types@^15.8.1:
  version "15.8.1"
  resolved "https://registry.yarnpkg.com/prop-types/-/prop-types-15.8.1.tgz#67d87bf1a694f48435cf332c24af10214a3140b5"
  integrity sha512-oj87CgZICdulUohogVAR7AjlC0327U4el4L6eAvOqCeudMDVU0NThNaV+b9Df4dXgSP1gXMTnPdhfe/2qDH5cg==
  dependencies:
    loose-envify "^1.4.0"
    object-assign "^4.1.1"
    react-is "^16.13.1"

raf@^3.1.0, raf@^3.4.1:
  version "3.4.1"
  resolved "https://registry.yarnpkg.com/raf/-/raf-3.4.1.tgz#0742e99a4a6552f445d73e3ee0328af0ff1ede39"
  integrity sha512-Sq4CW4QhwOHE8ucn6J34MqtZCeWFP2aQSmrlroYgqAV1PjStIhJXxYuTgUIfkEk7zTLjmIjLmU5q+fbD1NnOJA==
  dependencies:
    performance-now "^2.1.0"

react-collapse@^5.0.1:
  version "5.1.1"
  resolved "https://registry.yarnpkg.com/react-collapse/-/react-collapse-5.1.1.tgz#a2fa08ef13f372141b02e6a7d49ef72427bcbc2b"
  integrity sha512-k6cd7csF1o9LBhQ4AGBIdxB60SUEUMQDAnL2z1YvYNr9KoKr+nDkhN6FK7uGaBd/rYrYfrMpzpmJEIeHRYogBw==

react-datetime@^2.8.10:
  version "2.16.3"
  resolved "https://registry.yarnpkg.com/react-datetime/-/react-datetime-2.16.3.tgz#7f9ac7d4014a939c11c761d0c22d1fb506cb505e"
  integrity sha512-amWfb5iGEiyqjLmqCLlPpu2oN415jK8wX1qoTq7qn6EYiU7qQgbNHglww014PT4O/3G5eo/3kbJu/M/IxxTyGw==
  dependencies:
    create-react-class "^15.5.2"
    object-assign "^3.0.0"
    prop-types "^15.5.7"
    react-onclickoutside "^6.5.0"

react-dnd-html5-backend@^10.0.0:
  version "10.0.2"
  resolved "https://registry.yarnpkg.com/react-dnd-html5-backend/-/react-dnd-html5-backend-10.0.2.tgz#15cb9d2b923f43576a136df854e288cb5969784c"
  integrity sha512-ny17gUdInZ6PIGXdzfwPhoztRdNVVvjoJMdG80hkDBamJBeUPuNF2Wv4D3uoQJLjXssX1+i9PhBqc7EpogClwQ==
  dependencies:
    dnd-core "^10.0.2"

react-dnd@^10.0.0:
  version "10.0.2"
  resolved "https://registry.yarnpkg.com/react-dnd/-/react-dnd-10.0.2.tgz#a6ad8eb3d9f2c573031f7ce05012e5c767a0b1fc"
  integrity sha512-SC2Ymvntynhoqtf5zaFhZscm9xenCoMofilxPdlwUlaelAzmbl9fw82C4ZJ//+lNm3kWAKXjGDZg2/aWjKEAtg==
  dependencies:
    "@react-dnd/shallowequal" "^2.0.0"
    "@types/hoist-non-react-statics" "^3.3.1"
    dnd-core "^10.0.2"
    hoist-non-react-statics "^3.3.0"

react-height@^3.0.0:
  version "3.0.2"
  resolved "https://registry.yarnpkg.com/react-height/-/react-height-3.0.2.tgz#a08568f9f75feef5296a057d4161743c414abacb"
  integrity sha512-tv9wUx95wbFONvRfq0lJjIrEI5QSwa28tSK3m0spuc3YAiz6nJDCVRK5k6VgE4xyQGvr7C1tAzwNTWxwf1bHow==
  dependencies:
    prop-types "^15.5.8"

react-is@^16.13.1, react-is@^16.7.0:
  version "16.13.1"
  resolved "https://registry.yarnpkg.com/react-is/-/react-is-16.13.1.tgz#789729a4dc36de2999dc156dd6c1d9c18cea56a4"
  integrity sha512-24e6ynE2H+OKt4kqsOvNd8kBpV65zoxbA4BVsEOB3ARVWQki/DHzaUoC5KuON/BiccDaCCTZBuOcfZs70kR8bQ==

react-keydown@^1.9.4:
  version "1.9.12"
  resolved "https://registry.yarnpkg.com/react-keydown/-/react-keydown-1.9.12.tgz#9e10157775c9e3f21e124987e14af45a2ed52384"
  integrity sha512-KnQdVCTlPeJJ5FcnaqT4LJFHFUWbr/P+KnUtKA3xOc2JuJy738LyNM8jdnkWNkexHWEXt/021ufR5l9e3fzUCQ==
  dependencies:
    core-js "^3.1.2"

react-motion@^0.5.0:
  version "0.5.2"
  resolved "https://registry.yarnpkg.com/react-motion/-/react-motion-0.5.2.tgz#0dd3a69e411316567927917c6626551ba0607316"
  integrity sha512-9q3YAvHoUiWlP3cK0v+w1N5Z23HXMj4IF4YuvjvWegWqNPfLXsOBE/V7UvQGpXxHFKRQQcNcVQE31g9SB/6qgQ==
  dependencies:
    performance-now "^0.2.0"
    prop-types "^15.5.8"
    raf "^3.1.0"

react-onclickoutside@^6.5.0:
  version "6.13.1"
  resolved "https://registry.yarnpkg.com/react-onclickoutside/-/react-onclickoutside-6.13.1.tgz#1f5e0241c08784b6e65745d91aca0d700c548a89"
  integrity sha512-LdrrxK/Yh9zbBQdFbMTXPp3dTSN9B+9YJQucdDu3JNKRrbdU+H+/TVONJoWtOwy4II8Sqf1y/DTI6w/vGPYW0w==

react-svg@^11.1.2:
  version "11.2.5"
  resolved "https://registry.yarnpkg.com/react-svg/-/react-svg-11.2.5.tgz#41ddfd96818a54a3a69dfa3903ed40d4fb32a122"
  integrity sha512-uUMhRVdU//5qktiTSO2W6nQeHRLwYA1FsWANQFB5O33UgT2uT0V5wVapu46+wz1mx6wt1j53+1aA8QuNn4lJ6A==
  dependencies:
    "@babel/runtime" "^7.12.13"
    "@tanem/svg-injector" "^8.2.4"
    prop-types "^15.7.2"

react-textarea-autosize@^8.3.0:
  version "8.5.7"
  resolved "https://registry.yarnpkg.com/react-textarea-autosize/-/react-textarea-autosize-8.5.7.tgz#b2bf1913383a05ffef7fbc89c2ea21ba8133b023"
  integrity sha512-2MqJ3p0Jh69yt9ktFIaZmORHXw4c4bxSIhCeWiFwmJ9EYKgLmuNII3e9c9b2UO+ijl4StnpZdqpxNIhTdHvqtQ==
  dependencies:
    "@babel/runtime" "^7.20.13"
    use-composed-ref "^1.3.0"
    use-latest "^1.2.1"

redux@^4.0.4:
  version "4.2.1"
  resolved "https://registry.yarnpkg.com/redux/-/redux-4.2.1.tgz#c08f4306826c49b5e9dc901dee0452ea8fce6197"
  integrity sha512-LAUYz4lc+Do8/g7aeRa8JkyDErK6ekstQaqWQrNRW//MY1TvCEpMtpTWvlQ+FPbWCx+Xixu/6SHt5N0HR+SB4w==
  dependencies:
    "@babel/runtime" "^7.9.2"

regenerator-runtime@^0.14.0:
  version "0.14.1"
  resolved "https://registry.yarnpkg.com/regenerator-runtime/-/regenerator-runtime-0.14.1.tgz#356ade10263f685dda125100cd862c1db895327f"
  integrity sha512-dYnhHh0nJoMfnkZs6GmmhFknAGRrLznOu5nc9ML+EJxGvrx6H7teuevqVqCuPcPK//3eDrrjQhehXVx9cnkGdw==

tslib@^2.1.0:
  version "2.8.1"
  resolved "https://registry.yarnpkg.com/tslib/-/tslib-2.8.1.tgz#612efe4ed235d567e8aba5f2a5fab70280ade83f"
  integrity sha512-oJFu94HQb+KVduSUQL7wnpmqnfmLsOA/nAh6b6EH0wCEoK0/mPeXU6c3wKDV83MkOuHPRHtSXKKU99IBazS/2w==

use-composed-ref@^1.3.0:
  version "1.4.0"
  resolved "https://registry.yarnpkg.com/use-composed-ref/-/use-composed-ref-1.4.0.tgz#09e023bf798d005286ad85cd20674bdf5770653b"
  integrity sha512-djviaxuOOh7wkj0paeO1Q/4wMZ8Zrnag5H6yBvzN7AKKe8beOaED9SF5/ByLqsku8NP4zQqsvM2u3ew/tJK8/w==

use-isomorphic-layout-effect@^1.1.1:
  version "1.2.0"
  resolved "https://registry.yarnpkg.com/use-isomorphic-layout-effect/-/use-isomorphic-layout-effect-1.2.0.tgz#afb292eb284c39219e8cb8d3d62d71999361a21d"
  integrity sha512-q6ayo8DWoPZT0VdG4u3D3uxcgONP3Mevx2i2b0434cwWBoL+aelL1DzkXI6w3PhTZzUeR2kaVlZn70iCiseP6w==

use-latest@^1.2.1:
  version "1.3.0"
  resolved "https://registry.yarnpkg.com/use-latest/-/use-latest-1.3.0.tgz#549b9b0d4c1761862072f0899c6f096eb379137a"
  integrity sha512-mhg3xdm9NaM8q+gLT8KryJPnRFOz1/5XPBhmDEVZK1webPzDjrPk7f/mbpeLqTgB9msytYWANxgALOCJKnLvcQ==
  dependencies:
    use-isomorphic-layout-effect "^1.1.1"
